
Microsoft Visual Studio Solution File, Format Version 12.00
# Visual Studio Version 16
VisualStudioVersion = 16.0.31613.86
MinimumVisualStudioVersion = 10.0.40219.1
Project("{FAE04EC0-301F-11D3-BF4B-00C04F79EFBC}") = "LIME_Test_Automation", "LIME_Test_Automation\LIME_Test_Automation.csproj", "{7F9EDA59-C47A-4F3B-9574-BAB2B16EBF39}"
EndProject
Global
	GlobalSection(SolutionConfigurationPlatforms) = preSolution
		Debug|Any CPU = Debug|Any CPU
		Release|Any CPU = Release|Any CPU
	EndGlobalSection
	GlobalSection(ProjectConfigurationPlatforms) = postSolution
		{7F9EDA59-C47A-4F3B-9574-BAB2B16EBF39}.Debug|Any CPU.ActiveCfg = Debug|Any CPU
		{7F9EDA59-C47A-4F3B-9574-BAB2B16EBF39}.Debug|Any CPU.Build.0 = Debug|Any CPU
		{7F9EDA59-C47A-4F3B-9574-BAB2B16EBF39}.Release|Any CPU.ActiveCfg = Release|Any CPU
		{7F9EDA59-C47A-4F3B-9574-BAB2B16EBF39}.Release|Any CPU.Build.0 = Release|Any CPU
	EndGlobalSection
	GlobalSection(SolutionProperties) = preSolution
		HideSolutionNode = FALSE
	EndGlobalSection
	GlobalSection(ExtensibilityGlobals) = postSolution
		SolutionGuid = {6875222B-46F5-4E72-AE00-FFA5C7824DC2}
	EndGlobalSection
EndGlobal
